// !$*UTF8*$!
{
	archiveVersion = 1;
	classes = {
	};
	objectVersion = 50;
	objects = {

/* Begin PBXBuildFile section */
		0507A50F25E9D8FB007D383C /* ProjectsViewModel.swift in Sources */ = {isa = PBXBuildFile; fileRef = 0507A50E25E9D8FB007D383C /* ProjectsViewModel.swift */; };
		0555D3BD25CA1DC000D423F7 /* ExtensionTests.swift in Sources */ = {isa = PBXBuildFile; fileRef = 0555D3BC25CA1DC000D423F7 /* ExtensionTests.swift */; };
		0555D3C425CA26E400D423F7 /* DecodableDictionary.json in Resources */ = {isa = PBXBuildFile; fileRef = 0555D3C325CA26E400D423F7 /* DecodableDictionary.json */; };
		0555D3CA25CA277300D423F7 /* DecodableString.json in Resources */ = {isa = PBXBuildFile; fileRef = 0555D3C925CA277300D423F7 /* DecodableString.json */; };
		057ECB9F25C2108C008ECEE9 /* DevelopmentTests.swift in Sources */ = {isa = PBXBuildFile; fileRef = 057ECB9E25C2108C008ECEE9 /* DevelopmentTests.swift */; };
		05AE095425D4B83700AEF374 /* PerformanceTests.swift in Sources */ = {isa = PBXBuildFile; fileRef = 05AE095325D4B83600AEF374 /* PerformanceTests.swift */; };
		05BFF9CA25A8C2B600F99E27 /* WeldLearnApp.swift in Sources */ = {isa = PBXBuildFile; fileRef = 05BFF9C925A8C2B600F99E27 /* WeldLearnApp.swift */; };
		05BFF9CC25A8C2B600F99E27 /* ContentView.swift in Sources */ = {isa = PBXBuildFile; fileRef = 05BFF9CB25A8C2B600F99E27 /* ContentView.swift */; };
		05BFF9CE25A8C2B800F99E27 /* Assets.xcassets in Resources */ = {isa = PBXBuildFile; fileRef = 05BFF9CD25A8C2B800F99E27 /* Assets.xcassets */; };
		05BFF9D125A8C2B800F99E27 /* Preview Assets.xcassets in Resources */ = {isa = PBXBuildFile; fileRef = 05BFF9D025A8C2B800F99E27 /* Preview Assets.xcassets */; };
		05BFF9DB25A8C55F00F99E27 /* Main.xcdatamodeld in Sources */ = {isa = PBXBuildFile; fileRef = 05BFF9D925A8C55F00F99E27 /* Main.xcdatamodeld */; };
		05BFF9DE25A8CA9B00F99E27 /* DataController.swift in Sources */ = {isa = PBXBuildFile; fileRef = 05BFF9DD25A8CA9B00F99E27 /* DataController.swift */; };
		05BFF9E425A904DC00F99E27 /* CloudKit.framework in Frameworks */ = {isa = PBXBuildFile; fileRef = 05BFF9E325A904DC00F99E27 /* CloudKit.framework */; };
		05BFF9E725A9065400F99E27 /* HomeView.swift in Sources */ = {isa = PBXBuildFile; fileRef = 05BFF9E625A9065400F99E27 /* HomeView.swift */; };
		05BFF9EA25A9078E00F99E27 /* ProjectsView.swift in Sources */ = {isa = PBXBuildFile; fileRef = 05BFF9E925A9078E00F99E27 /* ProjectsView.swift */; };
		05BFF9F025A9175E00F99E27 /* Item-CoreData-Helper.swift in Sources */ = {isa = PBXBuildFile; fileRef = 05BFF9EF25A9175E00F99E27 /* Item-CoreData-Helper.swift */; };
		05BFF9F325A919A200F99E27 /* Project-CoreData-Helper.swift in Sources */ = {isa = PBXBuildFile; fileRef = 05BFF9F225A919A200F99E27 /* Project-CoreData-Helper.swift */; };
		05BFF9F725A92CC300F99E27 /* EditItemView.swift in Sources */ = {isa = PBXBuildFile; fileRef = 05BFF9F625A92CC300F99E27 /* EditItemView.swift */; };
		05BFF9FA25A934E500F99E27 /* ItemRowView.swift in Sources */ = {isa = PBXBuildFile; fileRef = 05BFF9F925A934E500F99E27 /* ItemRowView.swift */; };
		05BFFA0225AA0CBA00F99E27 /* Binding-OnChange.swift in Sources */ = {isa = PBXBuildFile; fileRef = 05BFFA0125AA0CBA00F99E27 /* Binding-OnChange.swift */; };
		05BFFA0525AA0EDB00F99E27 /* ProjectHeaderView.swift in Sources */ = {isa = PBXBuildFile; fileRef = 05BFFA0425AA0EDB00F99E27 /* ProjectHeaderView.swift */; };
		05BFFA0825AA134000F99E27 /* Colors.xcassets in Resources */ = {isa = PBXBuildFile; fileRef = 05BFFA0725AA134000F99E27 /* Colors.xcassets */; };
		05BFFA0B25AA63DE00F99E27 /* EditProjectView.swift in Sources */ = {isa = PBXBuildFile; fileRef = 05BFFA0A25AA63DE00F99E27 /* EditProjectView.swift */; };
		05BFFA0E25AA9ACB00F99E27 /* Sequence-Sorting.swift in Sources */ = {isa = PBXBuildFile; fileRef = 05BFFA0D25AA9ACB00F99E27 /* Sequence-Sorting.swift */; };
		05BFFA1125AB5D4F00F99E27 /* SelectSomethingView.swift in Sources */ = {isa = PBXBuildFile; fileRef = 05BFFA1025AB5D4F00F99E27 /* SelectSomethingView.swift */; };
		05BFFA1525ABAFF600F99E27 /* Bundle-Decodable.swift in Sources */ = {isa = PBXBuildFile; fileRef = 05BFFA1425ABAFF600F99E27 /* Bundle-Decodable.swift */; };
		05BFFA1B25ABB37700F99E27 /* Award.swift in Sources */ = {isa = PBXBuildFile; fileRef = 05BFFA1A25ABB37700F99E27 /* Award.swift */; };
		05BFFA1E25ABB4ED00F99E27 /* AwardsView.swift in Sources */ = {isa = PBXBuildFile; fileRef = 05BFFA1D25ABB4ED00F99E27 /* AwardsView.swift */; };
		05BFFA2125ABCB8700F99E27 /* Color-Additions.swift in Sources */ = {isa = PBXBuildFile; fileRef = 05BFFA2025ABCB8700F99E27 /* Color-Additions.swift */; };
		05BFFA2A25AE779600F99E27 /* Localizable.strings in Resources */ = {isa = PBXBuildFile; fileRef = 05BFFA2C25AE779600F99E27 /* Localizable.strings */; };
		05BFFA2F25AE825500F99E27 /* Localizable.stringsdict in Resources */ = {isa = PBXBuildFile; fileRef = 05BFFA3125AE825500F99E27 /* Localizable.stringsdict */; };
		05BFFA3525AE884B00F99E27 /* Awards.json in Resources */ = {isa = PBXBuildFile; fileRef = 05BFFA3725AE884B00F99E27 /* Awards.json */; };
		05BFFA3C25B1380C00F99E27 /* ItemListView.swift in Sources */ = {isa = PBXBuildFile; fileRef = 05BFFA3B25B1380C00F99E27 /* ItemListView.swift */; };
		05BFFA3F25B1399600F99E27 /* ProjectSummaryView.swift in Sources */ = {isa = PBXBuildFile; fileRef = 05BFFA3E25B1399600F99E27 /* ProjectSummaryView.swift */; };
		05BFFA4D25B25C8900F99E27 /* WeldLearnTests.swift in Sources */ = {isa = PBXBuildFile; fileRef = 05BFFA4C25B25C8900F99E27 /* WeldLearnTests.swift */; };
		05BFFA5725B2624500F99E27 /* AssetTest.swift in Sources */ = {isa = PBXBuildFile; fileRef = 05BFFA5625B2624500F99E27 /* AssetTest.swift */; };
		05BFFAAE25BCB2B000F99E27 /* ProjectTests.swift in Sources */ = {isa = PBXBuildFile; fileRef = 05BFFAAD25BCB2B000F99E27 /* ProjectTests.swift */; };
		05BFFAB225BCBB9900F99E27 /* AwardTest.swift in Sources */ = {isa = PBXBuildFile; fileRef = 05BFFAB125BCBB9900F99E27 /* AwardTest.swift */; };
		05CF1FEC25DF5655006CD337 /* WeldLearnUITests.swift in Sources */ = {isa = PBXBuildFile; fileRef = 05CF1FEB25DF5655006CD337 /* WeldLearnUITests.swift */; };
		05ECF5E1261D1BE200650E32 /* UnlockManager.swift in Sources */ = {isa = PBXBuildFile; fileRef = 05ECF5E0261D1BE200650E32 /* UnlockManager.swift */; };
		05F708C625F82CE700F4B0D3 /* HomeViewModel.swift in Sources */ = {isa = PBXBuildFile; fileRef = 05F708C525F82CE700F4B0D3 /* HomeViewModel.swift */; };
		05F708CB25F83AE500F4B0D3 /* ItemRowViewModel.swift in Sources */ = {isa = PBXBuildFile; fileRef = 05F708CA25F83AE500F4B0D3 /* ItemRowViewModel.swift */; };
/* End PBXBuildFile section */

/* Begin PBXContainerItemProxy section */
		05BFFA4F25B25C8900F99E27 /* PBXContainerItemProxy */ = {
			isa = PBXContainerItemProxy;
			containerPortal = 05BFF9BE25A8C2B600F99E27 /* Project object */;
			proxyType = 1;
			remoteGlobalIDString = 05BFF9C525A8C2B600F99E27;
			remoteInfo = WeldLearn;
		};
		05CF1FEE25DF5655006CD337 /* PBXContainerItemProxy */ = {
			isa = PBXContainerItemProxy;
			containerPortal = 05BFF9BE25A8C2B600F99E27 /* Project object */;
			proxyType = 1;
			remoteGlobalIDString = 05BFF9C525A8C2B600F99E27;
			remoteInfo = WeldLearn;
		};
/* End PBXContainerItemProxy section */

/* Begin PBXFileReference section */
		0507A50E25E9D8FB007D383C /* ProjectsViewModel.swift */ = {isa = PBXFileReference; lastKnownFileType = sourcecode.swift; path = ProjectsViewModel.swift; sourceTree = "<group>"; };
		0555D3BC25CA1DC000D423F7 /* ExtensionTests.swift */ = {isa = PBXFileReference; lastKnownFileType = sourcecode.swift; path = ExtensionTests.swift; sourceTree = "<group>"; };
		0555D3C325CA26E400D423F7 /* DecodableDictionary.json */ = {isa = PBXFileReference; lastKnownFileType = text.json; path = DecodableDictionary.json; sourceTree = "<group>"; };
		0555D3C925CA277300D423F7 /* DecodableString.json */ = {isa = PBXFileReference; lastKnownFileType = text.json; path = DecodableString.json; sourceTree = "<group>"; };
		057ECB9E25C2108C008ECEE9 /* DevelopmentTests.swift */ = {isa = PBXFileReference; lastKnownFileType = sourcecode.swift; path = DevelopmentTests.swift; sourceTree = "<group>"; };
		05AE095325D4B83600AEF374 /* PerformanceTests.swift */ = {isa = PBXFileReference; lastKnownFileType = sourcecode.swift; path = PerformanceTests.swift; sourceTree = "<group>"; };
		05BFF9C625A8C2B600F99E27 /* WeldLearn.app */ = {isa = PBXFileReference; explicitFileType = wrapper.application; includeInIndex = 0; path = WeldLearn.app; sourceTree = BUILT_PRODUCTS_DIR; };
		05BFF9C925A8C2B600F99E27 /* WeldLearnApp.swift */ = {isa = PBXFileReference; lastKnownFileType = sourcecode.swift; path = WeldLearnApp.swift; sourceTree = "<group>"; };
		05BFF9CB25A8C2B600F99E27 /* ContentView.swift */ = {isa = PBXFileReference; lastKnownFileType = sourcecode.swift; path = ContentView.swift; sourceTree = "<group>"; };
		05BFF9CD25A8C2B800F99E27 /* Assets.xcassets */ = {isa = PBXFileReference; lastKnownFileType = folder.assetcatalog; path = Assets.xcassets; sourceTree = "<group>"; };
		05BFF9D025A8C2B800F99E27 /* Preview Assets.xcassets */ = {isa = PBXFileReference; lastKnownFileType = folder.assetcatalog; path = "Preview Assets.xcassets"; sourceTree = "<group>"; };
		05BFF9D225A8C2B800F99E27 /* Info.plist */ = {isa = PBXFileReference; lastKnownFileType = text.plist.xml; path = Info.plist; sourceTree = "<group>"; };
		05BFF9DA25A8C55F00F99E27 /* Main.xcdatamodel */ = {isa = PBXFileReference; lastKnownFileType = wrapper.xcdatamodel; path = Main.xcdatamodel; sourceTree = "<group>"; };
		05BFF9DD25A8CA9B00F99E27 /* DataController.swift */ = {isa = PBXFileReference; lastKnownFileType = sourcecode.swift; path = DataController.swift; sourceTree = "<group>"; };
		05BFF9E025A904A300F99E27 /* WeldLearn.entitlements */ = {isa = PBXFileReference; lastKnownFileType = text.plist.entitlements; path = WeldLearn.entitlements; sourceTree = "<group>"; };
		05BFF9E325A904DC00F99E27 /* CloudKit.framework */ = {isa = PBXFileReference; lastKnownFileType = wrapper.framework; name = CloudKit.framework; path = System/Library/Frameworks/CloudKit.framework; sourceTree = SDKROOT; };
		05BFF9E625A9065400F99E27 /* HomeView.swift */ = {isa = PBXFileReference; lastKnownFileType = sourcecode.swift; path = HomeView.swift; sourceTree = "<group>"; };
		05BFF9E925A9078E00F99E27 /* ProjectsView.swift */ = {isa = PBXFileReference; lastKnownFileType = sourcecode.swift; path = ProjectsView.swift; sourceTree = "<group>"; };
		05BFF9EF25A9175E00F99E27 /* Item-CoreData-Helper.swift */ = {isa = PBXFileReference; lastKnownFileType = sourcecode.swift; path = "Item-CoreData-Helper.swift"; sourceTree = "<group>"; };
		05BFF9F225A919A200F99E27 /* Project-CoreData-Helper.swift */ = {isa = PBXFileReference; lastKnownFileType = sourcecode.swift; path = "Project-CoreData-Helper.swift"; sourceTree = "<group>"; };
		05BFF9F625A92CC300F99E27 /* EditItemView.swift */ = {isa = PBXFileReference; lastKnownFileType = sourcecode.swift; path = EditItemView.swift; sourceTree = "<group>"; };
		05BFF9F925A934E500F99E27 /* ItemRowView.swift */ = {isa = PBXFileReference; lastKnownFileType = sourcecode.swift; path = ItemRowView.swift; sourceTree = "<group>"; };
		05BFFA0125AA0CBA00F99E27 /* Binding-OnChange.swift */ = {isa = PBXFileReference; lastKnownFileType = sourcecode.swift; path = "Binding-OnChange.swift"; sourceTree = "<group>"; };
		05BFFA0425AA0EDB00F99E27 /* ProjectHeaderView.swift */ = {isa = PBXFileReference; lastKnownFileType = sourcecode.swift; path = ProjectHeaderView.swift; sourceTree = "<group>"; };
		05BFFA0725AA134000F99E27 /* Colors.xcassets */ = {isa = PBXFileReference; lastKnownFileType = folder.assetcatalog; name = Colors.xcassets; path = Views/Colors.xcassets; sourceTree = "<group>"; };
		05BFFA0A25AA63DE00F99E27 /* EditProjectView.swift */ = {isa = PBXFileReference; lastKnownFileType = sourcecode.swift; path = EditProjectView.swift; sourceTree = "<group>"; };
		05BFFA0D25AA9ACB00F99E27 /* Sequence-Sorting.swift */ = {isa = PBXFileReference; lastKnownFileType = sourcecode.swift; path = "Sequence-Sorting.swift"; sourceTree = "<group>"; };
		05BFFA1025AB5D4F00F99E27 /* SelectSomethingView.swift */ = {isa = PBXFileReference; lastKnownFileType = sourcecode.swift; path = SelectSomethingView.swift; sourceTree = "<group>"; };
		05BFFA1425ABAFF600F99E27 /* Bundle-Decodable.swift */ = {isa = PBXFileReference; lastKnownFileType = sourcecode.swift; path = "Bundle-Decodable.swift"; sourceTree = "<group>"; };
		05BFFA1A25ABB37700F99E27 /* Award.swift */ = {isa = PBXFileReference; lastKnownFileType = sourcecode.swift; path = Award.swift; sourceTree = "<group>"; };
		05BFFA1D25ABB4ED00F99E27 /* AwardsView.swift */ = {isa = PBXFileReference; lastKnownFileType = sourcecode.swift; path = AwardsView.swift; sourceTree = "<group>"; };
		05BFFA2025ABCB8700F99E27 /* Color-Additions.swift */ = {isa = PBXFileReference; lastKnownFileType = sourcecode.swift; path = "Color-Additions.swift"; sourceTree = "<group>"; };
		05BFFA2B25AE779600F99E27 /* en */ = {isa = PBXFileReference; lastKnownFileType = text.plist.strings; name = en; path = en.lproj/Localizable.strings; sourceTree = "<group>"; };
		05BFFA2E25AE77B500F99E27 /* es-419 */ = {isa = PBXFileReference; lastKnownFileType = text.plist.strings; name = "es-419"; path = "es-419.lproj/Localizable.strings"; sourceTree = "<group>"; };
		05BFFA3025AE825500F99E27 /* en */ = {isa = PBXFileReference; lastKnownFileType = text.plist.stringsdict; name = en; path = en.lproj/Localizable.stringsdict; sourceTree = "<group>"; };
		05BFFA3325AE826000F99E27 /* es-419 */ = {isa = PBXFileReference; lastKnownFileType = text.plist.stringsdict; name = "es-419"; path = "es-419.lproj/Localizable.stringsdict"; sourceTree = "<group>"; };
		05BFFA3625AE884B00F99E27 /* en */ = {isa = PBXFileReference; lastKnownFileType = text.json; name = en; path = en.lproj/Awards.json; sourceTree = "<group>"; };
		05BFFA3925AE885100F99E27 /* es-419 */ = {isa = PBXFileReference; lastKnownFileType = text.json; name = "es-419"; path = "es-419.lproj/Awards.json"; sourceTree = "<group>"; };
		05BFFA3B25B1380C00F99E27 /* ItemListView.swift */ = {isa = PBXFileReference; lastKnownFileType = sourcecode.swift; path = ItemListView.swift; sourceTree = "<group>"; };
		05BFFA3E25B1399600F99E27 /* ProjectSummaryView.swift */ = {isa = PBXFileReference; lastKnownFileType = sourcecode.swift; path = ProjectSummaryView.swift; sourceTree = "<group>"; };
		05BFFA4A25B25C8900F99E27 /* WeldLearnTests.xctest */ = {isa = PBXFileReference; explicitFileType = wrapper.cfbundle; includeInIndex = 0; path = WeldLearnTests.xctest; sourceTree = BUILT_PRODUCTS_DIR; };
		05BFFA4C25B25C8900F99E27 /* WeldLearnTests.swift */ = {isa = PBXFileReference; lastKnownFileType = sourcecode.swift; path = WeldLearnTests.swift; sourceTree = "<group>"; };
		05BFFA4E25B25C8900F99E27 /* Info.plist */ = {isa = PBXFileReference; lastKnownFileType = text.plist.xml; path = Info.plist; sourceTree = "<group>"; };
		05BFFA5625B2624500F99E27 /* AssetTest.swift */ = {isa = PBXFileReference; lastKnownFileType = sourcecode.swift; path = AssetTest.swift; sourceTree = "<group>"; };
		05BFFAAD25BCB2B000F99E27 /* ProjectTests.swift */ = {isa = PBXFileReference; lastKnownFileType = sourcecode.swift; path = ProjectTests.swift; sourceTree = "<group>"; };
		05BFFAB125BCBB9900F99E27 /* AwardTest.swift */ = {isa = PBXFileReference; lastKnownFileType = sourcecode.swift; path = AwardTest.swift; sourceTree = "<group>"; };
		05CF1FE925DF5655006CD337 /* WeldLearnUITests.xctest */ = {isa = PBXFileReference; explicitFileType = wrapper.cfbundle; includeInIndex = 0; path = WeldLearnUITests.xctest; sourceTree = BUILT_PRODUCTS_DIR; };
		05CF1FEB25DF5655006CD337 /* WeldLearnUITests.swift */ = {isa = PBXFileReference; lastKnownFileType = sourcecode.swift; path = WeldLearnUITests.swift; sourceTree = "<group>"; };
		05CF1FED25DF5655006CD337 /* Info.plist */ = {isa = PBXFileReference; lastKnownFileType = text.plist.xml; path = Info.plist; sourceTree = "<group>"; };
		05ECF5E0261D1BE200650E32 /* UnlockManager.swift */ = {isa = PBXFileReference; lastKnownFileType = sourcecode.swift; path = UnlockManager.swift; sourceTree = "<group>"; };
		05ECF5E2261D20DF00650E32 /* Configuration.storekit */ = {isa = PBXFileReference; lastKnownFileType = text; path = Configuration.storekit; sourceTree = "<group>"; };
		05F708C525F82CE700F4B0D3 /* HomeViewModel.swift */ = {isa = PBXFileReference; lastKnownFileType = sourcecode.swift; path = HomeViewModel.swift; sourceTree = "<group>"; };
		05F708CA25F83AE500F4B0D3 /* ItemRowViewModel.swift */ = {isa = PBXFileReference; lastKnownFileType = sourcecode.swift; path = ItemRowViewModel.swift; sourceTree = "<group>"; };
/* End PBXFileReference section */

/* Begin PBXFrameworksBuildPhase section */
		05BFF9C325A8C2B600F99E27 /* Frameworks */ = {
			isa = PBXFrameworksBuildPhase;
			buildActionMask = 2147483647;
			files = (
				05BFF9E425A904DC00F99E27 /* CloudKit.framework in Frameworks */,
			);
			runOnlyForDeploymentPostprocessing = 0;
		};
		05BFFA4725B25C8900F99E27 /* Frameworks */ = {
			isa = PBXFrameworksBuildPhase;
			buildActionMask = 2147483647;
			files = (
			);
			runOnlyForDeploymentPostprocessing = 0;
		};
		05CF1FE625DF5655006CD337 /* Frameworks */ = {
			isa = PBXFrameworksBuildPhase;
			buildActionMask = 2147483647;
			files = (
			);
			runOnlyForDeploymentPostprocessing = 0;
		};
/* End PBXFrameworksBuildPhase section */

/* Begin PBXGroup section */
		0507A50D25E9D8CD007D383C /* Models */ = {
			isa = PBXGroup;
			children = (
				0507A50E25E9D8FB007D383C /* ProjectsViewModel.swift */,
				05F708C525F82CE700F4B0D3 /* HomeViewModel.swift */,
				05F708CA25F83AE500F4B0D3 /* ItemRowViewModel.swift */,
			);
			path = Models;
			sourceTree = "<group>";
		};
		0555D3C225CA269000D423F7 /* Fixtures */ = {
			isa = PBXGroup;
			children = (
				0555D3C325CA26E400D423F7 /* DecodableDictionary.json */,
				0555D3C925CA277300D423F7 /* DecodableString.json */,
			);
			path = Fixtures;
			sourceTree = "<group>";
		};
		05BFF9BD25A8C2B600F99E27 = {
			isa = PBXGroup;
			children = (
				05BFF9C825A8C2B600F99E27 /* WeldLearn */,
				05BFFA4B25B25C8900F99E27 /* WeldLearnTests */,
				05CF1FEA25DF5655006CD337 /* WeldLearnUITests */,
				05BFF9C725A8C2B600F99E27 /* Products */,
				05BFF9E225A904DC00F99E27 /* Frameworks */,
			);
			sourceTree = "<group>";
		};
		05BFF9C725A8C2B600F99E27 /* Products */ = {
			isa = PBXGroup;
			children = (
				05BFF9C625A8C2B600F99E27 /* WeldLearn.app */,
				05BFFA4A25B25C8900F99E27 /* WeldLearnTests.xctest */,
				05CF1FE925DF5655006CD337 /* WeldLearnUITests.xctest */,
			);
			name = Products;
			sourceTree = "<group>";
		};
		05BFF9C825A8C2B600F99E27 /* WeldLearn */ = {
			isa = PBXGroup;
			children = (
				0507A50D25E9D8CD007D383C /* Models */,
				05BFFA4325B2576A00F99E27 /* Configuration */,
				05BFFA3725AE884B00F99E27 /* Awards.json */,
				05BFFA0725AA134000F99E27 /* Colors.xcassets */,
				05BFF9EE25A9172400F99E27 /* Extensions */,
				05BFF9E525A9063C00F99E27 /* Views */,
				05BFF9C925A8C2B600F99E27 /* WeldLearnApp.swift */,
				05BFF9CD25A8C2B800F99E27 /* Assets.xcassets */,
				05BFF9CF25A8C2B800F99E27 /* Preview Content */,
				05BFF9DD25A8CA9B00F99E27 /* DataController.swift */,
				05BFFA2C25AE779600F99E27 /* Localizable.strings */,
				05BFFA3125AE825500F99E27 /* Localizable.stringsdict */,
				05ECF5E0261D1BE200650E32 /* UnlockManager.swift */,
				05ECF5E2261D20DF00650E32 /* Configuration.storekit */,
			);
			path = WeldLearn;
			sourceTree = "<group>";
		};
		05BFF9CF25A8C2B800F99E27 /* Preview Content */ = {
			isa = PBXGroup;
			children = (
				05BFF9D025A8C2B800F99E27 /* Preview Assets.xcassets */,
			);
			path = "Preview Content";
			sourceTree = "<group>";
		};
		05BFF9E225A904DC00F99E27 /* Frameworks */ = {
			isa = PBXGroup;
			children = (
				05BFF9E325A904DC00F99E27 /* CloudKit.framework */,
			);
			name = Frameworks;
			sourceTree = "<group>";
		};
		05BFF9E525A9063C00F99E27 /* Views */ = {
			isa = PBXGroup;
			children = (
				05BFF9E625A9065400F99E27 /* HomeView.swift */,
				05BFF9CB25A8C2B600F99E27 /* ContentView.swift */,
				05BFF9E925A9078E00F99E27 /* ProjectsView.swift */,
				05BFF9F625A92CC300F99E27 /* EditItemView.swift */,
				05BFF9F925A934E500F99E27 /* ItemRowView.swift */,
				05BFFA0425AA0EDB00F99E27 /* ProjectHeaderView.swift */,
				05BFFA0A25AA63DE00F99E27 /* EditProjectView.swift */,
				05BFFA1025AB5D4F00F99E27 /* SelectSomethingView.swift */,
				05BFFA1D25ABB4ED00F99E27 /* AwardsView.swift */,
				05BFFA3B25B1380C00F99E27 /* ItemListView.swift */,
				05BFFA3E25B1399600F99E27 /* ProjectSummaryView.swift */,
			);
			path = Views;
			sourceTree = "<group>";
		};
		05BFF9EE25A9172400F99E27 /* Extensions */ = {
			isa = PBXGroup;
			children = (
				05BFF9EF25A9175E00F99E27 /* Item-CoreData-Helper.swift */,
				05BFF9F225A919A200F99E27 /* Project-CoreData-Helper.swift */,
				05BFFA0125AA0CBA00F99E27 /* Binding-OnChange.swift */,
				05BFFA0D25AA9ACB00F99E27 /* Sequence-Sorting.swift */,
				05BFFA1425ABAFF600F99E27 /* Bundle-Decodable.swift */,
				05BFFA1A25ABB37700F99E27 /* Award.swift */,
				05BFFA2025ABCB8700F99E27 /* Color-Additions.swift */,
			);
			path = Extensions;
			sourceTree = "<group>";
		};
		05BFFA4325B2576A00F99E27 /* Configuration */ = {
			isa = PBXGroup;
			children = (
				05BFF9E025A904A300F99E27 /* WeldLearn.entitlements */,
				05BFF9D925A8C55F00F99E27 /* Main.xcdatamodeld */,
				05BFF9D225A8C2B800F99E27 /* Info.plist */,
			);
			path = Configuration;
			sourceTree = "<group>";
		};
		05BFFA4B25B25C8900F99E27 /* WeldLearnTests */ = {
			isa = PBXGroup;
			children = (
				0555D3C225CA269000D423F7 /* Fixtures */,
				05BFFA4C25B25C8900F99E27 /* WeldLearnTests.swift */,
				05BFFA5625B2624500F99E27 /* AssetTest.swift */,
				05BFFA4E25B25C8900F99E27 /* Info.plist */,
				05BFFAAD25BCB2B000F99E27 /* ProjectTests.swift */,
				05BFFAB125BCBB9900F99E27 /* AwardTest.swift */,
				057ECB9E25C2108C008ECEE9 /* DevelopmentTests.swift */,
				0555D3BC25CA1DC000D423F7 /* ExtensionTests.swift */,
				05AE095325D4B83600AEF374 /* PerformanceTests.swift */,
			);
			path = WeldLearnTests;
			sourceTree = "<group>";
		};
		05CF1FEA25DF5655006CD337 /* WeldLearnUITests */ = {
			isa = PBXGroup;
			children = (
				05CF1FEB25DF5655006CD337 /* WeldLearnUITests.swift */,
				05CF1FED25DF5655006CD337 /* Info.plist */,
			);
			path = WeldLearnUITests;
			sourceTree = "<group>";
		};
/* End PBXGroup section */

/* Begin PBXNativeTarget section */
		05BFF9C525A8C2B600F99E27 /* WeldLearn */ = {
			isa = PBXNativeTarget;
			buildConfigurationList = 05BFF9D525A8C2B800F99E27 /* Build configuration list for PBXNativeTarget "WeldLearn" */;
			buildPhases = (
				05BFFA4125B2350C00F99E27 /* SwiftLint */,
				05BFF9C225A8C2B600F99E27 /* Sources */,
				05BFF9C325A8C2B600F99E27 /* Frameworks */,
				05BFF9C425A8C2B600F99E27 /* Resources */,
			);
			buildRules = (
			);
			dependencies = (
			);
			name = WeldLearn;
			productName = WeldLearn;
			productReference = 05BFF9C625A8C2B600F99E27 /* WeldLearn.app */;
			productType = "com.apple.product-type.application";
		};
		05BFFA4925B25C8900F99E27 /* WeldLearnTests */ = {
			isa = PBXNativeTarget;
			buildConfigurationList = 05BFFA5125B25C8900F99E27 /* Build configuration list for PBXNativeTarget "WeldLearnTests" */;
			buildPhases = (
				05BFFA4625B25C8900F99E27 /* Sources */,
				05BFFA4725B25C8900F99E27 /* Frameworks */,
				05BFFA4825B25C8900F99E27 /* Resources */,
			);
			buildRules = (
			);
			dependencies = (
				05BFFA5025B25C8900F99E27 /* PBXTargetDependency */,
			);
			name = WeldLearnTests;
			productName = WeldLearnTests;
			productReference = 05BFFA4A25B25C8900F99E27 /* WeldLearnTests.xctest */;
			productType = "com.apple.product-type.bundle.unit-test";
		};
		05CF1FE825DF5655006CD337 /* WeldLearnUITests */ = {
			isa = PBXNativeTarget;
			buildConfigurationList = 05CF1FF225DF5655006CD337 /* Build configuration list for PBXNativeTarget "WeldLearnUITests" */;
			buildPhases = (
				05CF1FE525DF5655006CD337 /* Sources */,
				05CF1FE625DF5655006CD337 /* Frameworks */,
				05CF1FE725DF5655006CD337 /* Resources */,
			);
			buildRules = (
			);
			dependencies = (
				05CF1FEF25DF5655006CD337 /* PBXTargetDependency */,
			);
			name = WeldLearnUITests;
			productName = WeldLearnUITests;
			productReference = 05CF1FE925DF5655006CD337 /* WeldLearnUITests.xctest */;
			productType = "com.apple.product-type.bundle.ui-testing";
		};
/* End PBXNativeTarget section */

/* Begin PBXProject section */
		05BFF9BE25A8C2B600F99E27 /* Project object */ = {
			isa = PBXProject;
			attributes = {
				LastSwiftUpdateCheck = 1240;
				LastUpgradeCheck = 1240;
				TargetAttributes = {
					05BFF9C525A8C2B600F99E27 = {
						CreatedOnToolsVersion = 12.3;
					};
					05BFFA4925B25C8900F99E27 = {
						CreatedOnToolsVersion = 12.3;
						TestTargetID = 05BFF9C525A8C2B600F99E27;
					};
					05CF1FE825DF5655006CD337 = {
						CreatedOnToolsVersion = 12.4;
						TestTargetID = 05BFF9C525A8C2B600F99E27;
					};
				};
			};
			buildConfigurationList = 05BFF9C125A8C2B600F99E27 /* Build configuration list for PBXProject "WeldLearn" */;
			compatibilityVersion = "Xcode 9.3";
			developmentRegion = en;
			hasScannedForEncodings = 0;
			knownRegions = (
				en,
				Base,
				"es-419",
			);
			mainGroup = 05BFF9BD25A8C2B600F99E27;
			productRefGroup = 05BFF9C725A8C2B600F99E27 /* Products */;
			projectDirPath = "";
			projectRoot = "";
			targets = (
				05BFF9C525A8C2B600F99E27 /* WeldLearn */,
				05BFFA4925B25C8900F99E27 /* WeldLearnTests */,
				05CF1FE825DF5655006CD337 /* WeldLearnUITests */,
			);
		};
/* End PBXProject section */

/* Begin PBXResourcesBuildPhase section */
		05BFF9C425A8C2B600F99E27 /* Resources */ = {
			isa = PBXResourcesBuildPhase;
			buildActionMask = 2147483647;
			files = (
				05BFFA2A25AE779600F99E27 /* Localizable.strings in Resources */,
				05BFFA0825AA134000F99E27 /* Colors.xcassets in Resources */,
				05BFFA3525AE884B00F99E27 /* Awards.json in Resources */,
				05BFF9D125A8C2B800F99E27 /* Preview Assets.xcassets in Resources */,
				05BFF9CE25A8C2B800F99E27 /* Assets.xcassets in Resources */,
				05BFFA2F25AE825500F99E27 /* Localizable.stringsdict in Resources */,
			);
			runOnlyForDeploymentPostprocessing = 0;
		};
		05BFFA4825B25C8900F99E27 /* Resources */ = {
			isa = PBXResourcesBuildPhase;
			buildActionMask = 2147483647;
			files = (
				0555D3CA25CA277300D423F7 /* DecodableString.json in Resources */,
				0555D3C425CA26E400D423F7 /* DecodableDictionary.json in Resources */,
			);
			runOnlyForDeploymentPostprocessing = 0;
		};
		05CF1FE725DF5655006CD337 /* Resources */ = {
			isa = PBXResourcesBuildPhase;
			buildActionMask = 2147483647;
			files = (
			);
			runOnlyForDeploymentPostprocessing = 0;
		};
/* End PBXResourcesBuildPhase section */

/* Begin PBXShellScriptBuildPhase section */
		05BFFA4125B2350C00F99E27 /* SwiftLint */ = {
			isa = PBXShellScriptBuildPhase;
			buildActionMask = 2147483647;
			files = (
			);
			inputFileListPaths = (
			);
			inputPaths = (
			);
			name = SwiftLint;
			outputFileListPaths = (
			);
			outputPaths = (
			);
			runOnlyForDeploymentPostprocessing = 0;
			shellPath = /bin/sh;
			shellScript = "if which swiftlint >/dev/null; then\n  swiftlint\nelse\n  echo \"warning: SwiftLint not installed, download from https://github.com/realm/SwiftLint\"\nfi\n";
		};
/* End PBXShellScriptBuildPhase section */

/* Begin PBXSourcesBuildPhase section */
		05BFF9C225A8C2B600F99E27 /* Sources */ = {
			isa = PBXSourcesBuildPhase;
			buildActionMask = 2147483647;
			files = (
				05BFF9EA25A9078E00F99E27 /* ProjectsView.swift in Sources */,
				05BFFA3F25B1399600F99E27 /* ProjectSummaryView.swift in Sources */,
				05BFFA0525AA0EDB00F99E27 /* ProjectHeaderView.swift in Sources */,
				05BFFA1E25ABB4ED00F99E27 /* AwardsView.swift in Sources */,
				05BFF9DB25A8C55F00F99E27 /* Main.xcdatamodeld in Sources */,
				05F708C625F82CE700F4B0D3 /* HomeViewModel.swift in Sources */,
				05ECF5E1261D1BE200650E32 /* UnlockManager.swift in Sources */,
				05BFF9DE25A8CA9B00F99E27 /* DataController.swift in Sources */,
				05BFFA2125ABCB8700F99E27 /* Color-Additions.swift in Sources */,
				05BFFA0B25AA63DE00F99E27 /* EditProjectView.swift in Sources */,
				05BFF9CC25A8C2B600F99E27 /* ContentView.swift in Sources */,
				05BFFA1125AB5D4F00F99E27 /* SelectSomethingView.swift in Sources */,
				05BFFA1B25ABB37700F99E27 /* Award.swift in Sources */,
				05BFF9FA25A934E500F99E27 /* ItemRowView.swift in Sources */,
				05BFF9F325A919A200F99E27 /* Project-CoreData-Helper.swift in Sources */,
				05BFFA0225AA0CBA00F99E27 /* Binding-OnChange.swift in Sources */,
				05BFFA0E25AA9ACB00F99E27 /* Sequence-Sorting.swift in Sources */,
				05BFFA1525ABAFF600F99E27 /* Bundle-Decodable.swift in Sources */,
				05BFFA3C25B1380C00F99E27 /* ItemListView.swift in Sources */,
				05BFF9E725A9065400F99E27 /* HomeView.swift in Sources */,
				05BFF9CA25A8C2B600F99E27 /* WeldLearnApp.swift in Sources */,
				05F708CB25F83AE500F4B0D3 /* ItemRowViewModel.swift in Sources */,
				05BFF9F025A9175E00F99E27 /* Item-CoreData-Helper.swift in Sources */,
				0507A50F25E9D8FB007D383C /* ProjectsViewModel.swift in Sources */,
				05BFF9F725A92CC300F99E27 /* EditItemView.swift in Sources */,
			);
			runOnlyForDeploymentPostprocessing = 0;
		};
		05BFFA4625B25C8900F99E27 /* Sources */ = {
			isa = PBXSourcesBuildPhase;
			buildActionMask = 2147483647;
			files = (
				05AE095425D4B83700AEF374 /* PerformanceTests.swift in Sources */,
				05BFFA5725B2624500F99E27 /* AssetTest.swift in Sources */,
				05BFFAB225BCBB9900F99E27 /* AwardTest.swift in Sources */,
				05BFFA4D25B25C8900F99E27 /* WeldLearnTests.swift in Sources */,
				0555D3BD25CA1DC000D423F7 /* ExtensionTests.swift in Sources */,
				05BFFAAE25BCB2B000F99E27 /* ProjectTests.swift in Sources */,
				057ECB9F25C2108C008ECEE9 /* DevelopmentTests.swift in Sources */,
			);
			runOnlyForDeploymentPostprocessing = 0;
		};
		05CF1FE525DF5655006CD337 /* Sources */ = {
			isa = PBXSourcesBuildPhase;
			buildActionMask = 2147483647;
			files = (
				05CF1FEC25DF5655006CD337 /* WeldLearnUITests.swift in Sources */,
			);
			runOnlyForDeploymentPostprocessing = 0;
		};
/* End PBXSourcesBuildPhase section */

/* Begin PBXTargetDependency section */
		05BFFA5025B25C8900F99E27 /* PBXTargetDependency */ = {
			isa = PBXTargetDependency;
			target = 05BFF9C525A8C2B600F99E27 /* WeldLearn */;
			targetProxy = 05BFFA4F25B25C8900F99E27 /* PBXContainerItemProxy */;
		};
		05CF1FEF25DF5655006CD337 /* PBXTargetDependency */ = {
			isa = PBXTargetDependency;
			target = 05BFF9C525A8C2B600F99E27 /* WeldLearn */;
			targetProxy = 05CF1FEE25DF5655006CD337 /* PBXContainerItemProxy */;
		};
/* End PBXTargetDependency section */

/* Begin PBXVariantGroup section */
		05BFFA2C25AE779600F99E27 /* Localizable.strings */ = {
			isa = PBXVariantGroup;
			children = (
				05BFFA2B25AE779600F99E27 /* en */,
				05BFFA2E25AE77B500F99E27 /* es-419 */,
			);
			name = Localizable.strings;
			sourceTree = "<group>";
		};
		05BFFA3125AE825500F99E27 /* Localizable.stringsdict */ = {
			isa = PBXVariantGroup;
			children = (
				05BFFA3025AE825500F99E27 /* en */,
				05BFFA3325AE826000F99E27 /* es-419 */,
			);
			name = Localizable.stringsdict;
			sourceTree = "<group>";
		};
		05BFFA3725AE884B00F99E27 /* Awards.json */ = {
			isa = PBXVariantGroup;
			children = (
				05BFFA3625AE884B00F99E27 /* en */,
				05BFFA3925AE885100F99E27 /* es-419 */,
			);
			name = Awards.json;
			sourceTree = "<group>";
		};
/* End PBXVariantGroup section */

/* Begin XCBuildConfiguration section */
		05BFF9D325A8C2B800F99E27 /* Debug */ = {
			isa = XCBuildConfiguration;
			buildSettings = {
				ALWAYS_SEARCH_USER_PATHS = NO;
				CLANG_ANALYZER_LOCALIZABILITY_NONLOCALIZED = YES;
				CLANG_ANALYZER_NONNULL = YES;
				CLANG_ANALYZER_NUMBER_OBJECT_CONVERSION = YES_AGGRESSIVE;
				CLANG_CXX_LANGUAGE_STANDARD = "gnu++14";
				CLANG_CXX_LIBRARY = "libc++";
				CLANG_ENABLE_MODULES = YES;
				CLANG_ENABLE_OBJC_ARC = YES;
				CLANG_ENABLE_OBJC_WEAK = YES;
				CLANG_WARN_BLOCK_CAPTURE_AUTORELEASING = YES;
				CLANG_WARN_BOOL_CONVERSION = YES;
				CLANG_WARN_COMMA = YES;
				CLANG_WARN_CONSTANT_CONVERSION = YES;
				CLANG_WARN_DEPRECATED_OBJC_IMPLEMENTATIONS = YES;
				CLANG_WARN_DIRECT_OBJC_ISA_USAGE = YES_ERROR;
				CLANG_WARN_DOCUMENTATION_COMMENTS = YES;
				CLANG_WARN_EMPTY_BODY = YES;
				CLANG_WARN_ENUM_CONVERSION = YES;
				CLANG_WARN_INFINITE_RECURSION = YES;
				CLANG_WARN_INT_CONVERSION = YES;
				CLANG_WARN_NON_LITERAL_NULL_CONVERSION = YES;
				CLANG_WARN_OBJC_IMPLICIT_RETAIN_SELF = YES;
				CLANG_WARN_OBJC_LITERAL_CONVERSION = YES;
				CLANG_WARN_OBJC_ROOT_CLASS = YES_ERROR;
				CLANG_WARN_QUOTED_INCLUDE_IN_FRAMEWORK_HEADER = YES;
				CLANG_WARN_RANGE_LOOP_ANALYSIS = YES;
				CLANG_WARN_STRICT_PROTOTYPES = YES;
				CLANG_WARN_SUSPICIOUS_MOVE = YES;
				CLANG_WARN_UNGUARDED_AVAILABILITY = YES_AGGRESSIVE;
				CLANG_WARN_UNREACHABLE_CODE = YES;
				CLANG_WARN__DUPLICATE_METHOD_MATCH = YES;
				COPY_PHASE_STRIP = NO;
				DEBUG_INFORMATION_FORMAT = dwarf;
				ENABLE_STRICT_OBJC_MSGSEND = YES;
				ENABLE_TESTABILITY = YES;
				GCC_C_LANGUAGE_STANDARD = gnu11;
				GCC_DYNAMIC_NO_PIC = NO;
				GCC_NO_COMMON_BLOCKS = YES;
				GCC_OPTIMIZATION_LEVEL = 0;
				GCC_PREPROCESSOR_DEFINITIONS = (
					"DEBUG=1",
					"$(inherited)",
				);
				GCC_WARN_64_TO_32_BIT_CONVERSION = YES;
				GCC_WARN_ABOUT_RETURN_TYPE = YES_ERROR;
				GCC_WARN_UNDECLARED_SELECTOR = YES;
				GCC_WARN_UNINITIALIZED_AUTOS = YES_AGGRESSIVE;
				GCC_WARN_UNUSED_FUNCTION = YES;
				GCC_WARN_UNUSED_VARIABLE = YES;
				IPHONEOS_DEPLOYMENT_TARGET = 14.3;
				MTL_ENABLE_DEBUG_INFO = INCLUDE_SOURCE;
				MTL_FAST_MATH = YES;
				ONLY_ACTIVE_ARCH = YES;
				SDKROOT = iphoneos;
				SWIFT_ACTIVE_COMPILATION_CONDITIONS = DEBUG;
				SWIFT_OPTIMIZATION_LEVEL = "-Onone";
			};
			name = Debug;
		};
		05BFF9D425A8C2B800F99E27 /* Release */ = {
			isa = XCBuildConfiguration;
			buildSettings = {
				ALWAYS_SEARCH_USER_PATHS = NO;
				CLANG_ANALYZER_LOCALIZABILITY_NONLOCALIZED = YES;
				CLANG_ANALYZER_NONNULL = YES;
				CLANG_ANALYZER_NUMBER_OBJECT_CONVERSION = YES_AGGRESSIVE;
				CLANG_CXX_LANGUAGE_STANDARD = "gnu++14";
				CLANG_CXX_LIBRARY = "libc++";
				CLANG_ENABLE_MODULES = YES;
				CLANG_ENABLE_OBJC_ARC = YES;
				CLANG_ENABLE_OBJC_WEAK = YES;
				CLANG_WARN_BLOCK_CAPTURE_AUTORELEASING = YES;
				CLANG_WARN_BOOL_CONVERSION = YES;
				CLANG_WARN_COMMA = YES;
				CLANG_WARN_CONSTANT_CONVERSION = YES;
				CLANG_WARN_DEPRECATED_OBJC_IMPLEMENTATIONS = YES;
				CLANG_WARN_DIRECT_OBJC_ISA_USAGE = YES_ERROR;
				CLANG_WARN_DOCUMENTATION_COMMENTS = YES;
				CLANG_WARN_EMPTY_BODY = YES;
				CLANG_WARN_ENUM_CONVERSION = YES;
				CLANG_WARN_INFINITE_RECURSION = YES;
				CLANG_WARN_INT_CONVERSION = YES;
				CLANG_WARN_NON_LITERAL_NULL_CONVERSION = YES;
				CLANG_WARN_OBJC_IMPLICIT_RETAIN_SELF = YES;
				CLANG_WARN_OBJC_LITERAL_CONVERSION = YES;
				CLANG_WARN_OBJC_ROOT_CLASS = YES_ERROR;
				CLANG_WARN_QUOTED_INCLUDE_IN_FRAMEWORK_HEADER = YES;
				CLANG_WARN_RANGE_LOOP_ANALYSIS = YES;
				CLANG_WARN_STRICT_PROTOTYPES = YES;
				CLANG_WARN_SUSPICIOUS_MOVE = YES;
				CLANG_WARN_UNGUARDED_AVAILABILITY = YES_AGGRESSIVE;
				CLANG_WARN_UNREACHABLE_CODE = YES;
				CLANG_WARN__DUPLICATE_METHOD_MATCH = YES;
				COPY_PHASE_STRIP = NO;
				DEBUG_INFORMATION_FORMAT = "dwarf-with-dsym";
				ENABLE_NS_ASSERTIONS = NO;
				ENABLE_STRICT_OBJC_MSGSEND = YES;
				GCC_C_LANGUAGE_STANDARD = gnu11;
				GCC_NO_COMMON_BLOCKS = YES;
				GCC_WARN_64_TO_32_BIT_CONVERSION = YES;
				GCC_WARN_ABOUT_RETURN_TYPE = YES_ERROR;
				GCC_WARN_UNDECLARED_SELECTOR = YES;
				GCC_WARN_UNINITIALIZED_AUTOS = YES_AGGRESSIVE;
				GCC_WARN_UNUSED_FUNCTION = YES;
				GCC_WARN_UNUSED_VARIABLE = YES;
				IPHONEOS_DEPLOYMENT_TARGET = 14.3;
				MTL_ENABLE_DEBUG_INFO = NO;
				MTL_FAST_MATH = YES;
				SDKROOT = iphoneos;
				SWIFT_COMPILATION_MODE = wholemodule;
				SWIFT_OPTIMIZATION_LEVEL = "-O";
				VALIDATE_PRODUCT = YES;
			};
			name = Release;
		};
		05BFF9D625A8C2B800F99E27 /* Debug */ = {
			isa = XCBuildConfiguration;
			buildSettings = {
				ASSETCATALOG_COMPILER_APPICON_NAME = AppIcon;
				ASSETCATALOG_COMPILER_GLOBAL_ACCENT_COLOR_NAME = AccentColor;
				CODE_SIGN_ENTITLEMENTS = WeldLearn/Configuration/WeldLearn.entitlements;
				CODE_SIGN_STYLE = Automatic;
				DEVELOPMENT_ASSET_PATHS = "\"WeldLearn/Preview Content\"";
				DEVELOPMENT_TEAM = 6C7TWR6BW7;
				ENABLE_PREVIEWS = YES;
				INFOPLIST_FILE = WeldLearn/Configuration/Info.plist;
				IPHONEOS_DEPLOYMENT_TARGET = 14.3;
				LD_RUNPATH_SEARCH_PATHS = (
					"$(inherited)",
					"@executable_path/Frameworks",
				);
				PRODUCT_BUNDLE_IDENTIFIER = "com.semajttocs-icloud.WeldLearn";
				PRODUCT_NAME = "$(TARGET_NAME)";
				SWIFT_VERSION = 5.0;
				TARGETED_DEVICE_FAMILY = "1,2";
			};
			name = Debug;
		};
		05BFF9D725A8C2B800F99E27 /* Release */ = {
			isa = XCBuildConfiguration;
			buildSettings = {
				ASSETCATALOG_COMPILER_APPICON_NAME = AppIcon;
				ASSETCATALOG_COMPILER_GLOBAL_ACCENT_COLOR_NAME = AccentColor;
				CODE_SIGN_ENTITLEMENTS = WeldLearn/Configuration/WeldLearn.entitlements;
				CODE_SIGN_STYLE = Automatic;
				DEVELOPMENT_ASSET_PATHS = "\"WeldLearn/Preview Content\"";
				DEVELOPMENT_TEAM = 6C7TWR6BW7;
				ENABLE_PREVIEWS = YES;
				INFOPLIST_FILE = WeldLearn/Configuration/Info.plist;
				IPHONEOS_DEPLOYMENT_TARGET = 14.3;
				LD_RUNPATH_SEARCH_PATHS = (
					"$(inherited)",
					"@executable_path/Frameworks",
				);
				PRODUCT_BUNDLE_IDENTIFIER = "com.semajttocs-icloud.WeldLearn";
				PRODUCT_NAME = "$(TARGET_NAME)";
				SWIFT_VERSION = 5.0;
				TARGETED_DEVICE_FAMILY = "1,2";
			};
			name = Release;
		};
		05BFFA5225B25C8900F99E27 /* Debug */ = {
			isa = XCBuildConfiguration;
			buildSettings = {
				BUNDLE_LOADER = "$(TEST_HOST)";
				CODE_SIGN_STYLE = Automatic;
				DEVELOPMENT_TEAM = 6C7TWR6BW7;
				INFOPLIST_FILE = WeldLearnTests/Info.plist;
				LD_RUNPATH_SEARCH_PATHS = (
					"$(inherited)",
					"@executable_path/Frameworks",
					"@loader_path/Frameworks",
				);
				PRODUCT_BUNDLE_IDENTIFIER = "com.semajttocs-icloud.WeldLearnTests";
				PRODUCT_NAME = "$(TARGET_NAME)";
				SWIFT_VERSION = 5.0;
				TARGETED_DEVICE_FAMILY = "1,2";
				TEST_HOST = "$(BUILT_PRODUCTS_DIR)/WeldLearn.app/WeldLearn";
			};
			name = Debug;
		};
		05BFFA5325B25C8900F99E27 /* Release */ = {
			isa = XCBuildConfiguration;
			buildSettings = {
				BUNDLE_LOADER = "$(TEST_HOST)";
				CODE_SIGN_STYLE = Automatic;
				DEVELOPMENT_TEAM = 6C7TWR6BW7;
				INFOPLIST_FILE = WeldLearnTests/Info.plist;
				LD_RUNPATH_SEARCH_PATHS = (
					"$(inherited)",
					"@executable_path/Frameworks",
					"@loader_path/Frameworks",
				);
				PRODUCT_BUNDLE_IDENTIFIER = "com.semajttocs-icloud.WeldLearnTests";
				PRODUCT_NAME = "$(TARGET_NAME)";
				SWIFT_VERSION = 5.0;
				TARGETED_DEVICE_FAMILY = "1,2";
				TEST_HOST = "$(BUILT_PRODUCTS_DIR)/WeldLearn.app/WeldLearn";
			};
			name = Release;
		};
		05CF1FF025DF5655006CD337 /* Debug */ = {
			isa = XCBuildConfiguration;
			buildSettings = {
				CODE_SIGN_STYLE = Automatic;
				DEVELOPMENT_TEAM = 6C7TWR6BW7;
				INFOPLIST_FILE = WeldLearnUITests/Info.plist;
				IPHONEOS_DEPLOYMENT_TARGET = 14.4;
				LD_RUNPATH_SEARCH_PATHS = (
					"$(inherited)",
					"@executable_path/Frameworks",
					"@loader_path/Frameworks",
				);
				PRODUCT_BUNDLE_IDENTIFIER = "com.semajttocs-icloud.WeldLearnUITests";
				PRODUCT_NAME = "$(TARGET_NAME)";
				SWIFT_VERSION = 5.0;
				TARGETED_DEVICE_FAMILY = "1,2";
				TEST_TARGET_NAME = WeldLearn;
			};
			name = Debug;
		};
		05CF1FF125DF5655006CD337 /* Release */ = {
			isa = XCBuildConfiguration;
			buildSettings = {
				CODE_SIGN_STYLE = Automatic;
				DEVELOPMENT_TEAM = 6C7TWR6BW7;
				INFOPLIST_FILE = WeldLearnUITests/Info.plist;
				IPHONEOS_DEPLOYMENT_TARGET = 14.4;
				LD_RUNPATH_SEARCH_PATHS = (
					"$(inherited)",
					"@executable_path/Frameworks",
					"@loader_path/Frameworks",
				);
				PRODUCT_BUNDLE_IDENTIFIER = "com.semajttocs-icloud.WeldLearnUITests";
				PRODUCT_NAME = "$(TARGET_NAME)";
				SWIFT_VERSION = 5.0;
				TARGETED_DEVICE_FAMILY = "1,2";
				TEST_TARGET_NAME = WeldLearn;
			};
			name = Release;
		};
/* End XCBuildConfiguration section */

/* Begin XCConfigurationList section */
		05BFF9C125A8C2B600F99E27 /* Build configuration list for PBXProject "WeldLearn" */ = {
			isa = XCConfigurationList;
			buildConfigurations = (
				05BFF9D325A8C2B800F99E27 /* Debug */,
				05BFF9D425A8C2B800F99E27 /* Release */,
			);
			defaultConfigurationIsVisible = 0;
			defaultConfigurationName = Release;
		};
		05BFF9D525A8C2B800F99E27 /* Build configuration list for PBXNativeTarget "WeldLearn" */ = {
			isa = XCConfigurationList;
			buildConfigurations = (
				05BFF9D625A8C2B800F99E27 /* Debug */,
				05BFF9D725A8C2B800F99E27 /* Release */,
			);
			defaultConfigurationIsVisible = 0;
			defaultConfigurationName = Release;
		};
		05BFFA5125B25C8900F99E27 /* Build configuration list for PBXNativeTarget "WeldLearnTests" */ = {
			isa = XCConfigurationList;
			buildConfigurations = (
				05BFFA5225B25C8900F99E27 /* Debug */,
				05BFFA5325B25C8900F99E27 /* Release */,
			);
			defaultConfigurationIsVisible = 0;
			defaultConfigurationName = Release;
		};
		05CF1FF225DF5655006CD337 /* Build configuration list for PBXNativeTarget "WeldLearnUITests" */ = {
			isa = XCConfigurationList;
			buildConfigurations = (
				05CF1FF025DF5655006CD337 /* Debug */,
				05CF1FF125DF5655006CD337 /* Release */,
			);
			defaultConfigurationIsVisible = 0;
			defaultConfigurationName = Release;
		};
/* End XCConfigurationList section */

/* Begin XCVersionGroup section */
		05BFF9D925A8C55F00F99E27 /* Main.xcdatamodeld */ = {
			isa = XCVersionGroup;
			children = (
				05BFF9DA25A8C55F00F99E27 /* Main.xcdatamodel */,
			);
			currentVersion = 05BFF9DA25A8C55F00F99E27 /* Main.xcdatamodel */;
			path = Main.xcdatamodeld;
			sourceTree = "<group>";
			versionGroupType = wrapper.xcdatamodel;
		};
/* End XCVersionGroup section */
	};
	rootObject = 05BFF9BE25A8C2B600F99E27 /* Project object */;
}
